
Microsoft Visual Studio Solution File, Format Version 12.00
# Visual Studio 2013
VisualStudioVersion = 12.0.21005.1
MinimumVisualStudioVersion = 10.0.40219.1
Project("{FAE04EC0-301F-11D3-BF4B-00C04F79EFBC}") = "iAFWebHost", "iAFWebHost\iAFWebHost.csproj", "{FB2CA755-7078-4B18-B172-FAB266461012}"
EndProject
Project("{FAE04EC0-301F-11D3-BF4B-00C04F79EFBC}") = "iAFWebHost.Tests", "iAFWebHost.Tests\iAFWebHost.Tests.csproj", "{4CD16421-43D8-4FA7-A345-861E8B4696E4}"
EndProject
Project("{FAE04EC0-301F-11D3-BF4B-00C04F79EFBC}") = "iAF", "iAF\iAF.csproj", "{DDAD951D-55D9-4708-BA0F-3EAA32CB7EA0}"
EndProject
Global
	GlobalSection(SolutionConfigurationPlatforms) = preSolution
		Debug|Any CPU = Debug|Any CPU
		Release|Any CPU = Release|Any CPU
	EndGlobalSection
	GlobalSection(ProjectConfigurationPlatforms) = postSolution
		{FB2CA755-7078-4B18-B172-FAB266461012}.Debug|Any CPU.ActiveCfg = Debug|Any CPU
		{FB2CA755-7078-4B18-B172-FAB266461012}.Debug|Any CPU.Build.0 = Debug|Any CPU
		{FB2CA755-7078-4B18-B172-FAB266461012}.Release|Any CPU.ActiveCfg = Release|Any CPU
		{FB2CA755-7078-4B18-B172-FAB266461012}.Release|Any CPU.Build.0 = Release|Any CPU
		{4CD16421-43D8-4FA7-A345-861E8B4696E4}.Debug|Any CPU.ActiveCfg = Debug|Any CPU
		{4CD16421-43D8-4FA7-A345-861E8B4696E4}.Debug|Any CPU.Build.0 = Debug|Any CPU
		{4CD16421-43D8-4FA7-A345-861E8B4696E4}.Release|Any CPU.ActiveCfg = Release|Any CPU
		{4CD16421-43D8-4FA7-A345-861E8B4696E4}.Release|Any CPU.Build.0 = Release|Any CPU
		{DDAD951D-55D9-4708-BA0F-3EAA32CB7EA0}.Debug|Any CPU.ActiveCfg = Debug|Any CPU
		{DDAD951D-55D9-4708-BA0F-3EAA32CB7EA0}.Debug|Any CPU.Build.0 = Debug|Any CPU
		{DDAD951D-55D9-4708-BA0F-3EAA32CB7EA0}.Release|Any CPU.ActiveCfg = Release|Any CPU
		{DDAD951D-55D9-4708-BA0F-3EAA32CB7EA0}.Release|Any CPU.Build.0 = Release|Any CPU
	EndGlobalSection
	GlobalSection(SolutionProperties) = preSolution
		HideSolutionNode = FALSE
	EndGlobalSection
EndGlobal
